
Microsoft Visual Studio Solution File, Format Version 12.00
# Visual Studio Version 17
VisualStudioVersion = 17.10.35013.160
MinimumVisualStudioVersion = 10.0.40219.1
Project("{FAE04EC0-301F-11D3-BF4B-00C04F79EFBC}") = "DashboardGerenciamentoUsuarios.Core", "DashboardGerenciamentoUsuarios.Core\DashboardGerenciamentoUsuarios.Core.csproj", "{94F1484A-360A-4D21-912F-F64F795986F9}"
EndProject
Project("{FAE04EC0-301F-11D3-BF4B-00C04F79EFBC}") = "DashboardGerenciamentoUsuarios.Application", "DashboardGerenciamentoUsuarios.Application\DashboardGerenciamentoUsuarios.Application.csproj", "{C648E920-DB86-4E54-AD70-DD00CBC29DF5}"
EndProject
Project("{FAE04EC0-301F-11D3-BF4B-00C04F79EFBC}") = "DashboardGerenciamentoUsuarios.Infrastructure", "DashboardGerenciamentoUsuarios.Infrastructure\DashboardGerenciamentoUsuarios.Infrastructure.csproj", "{5142DAC1-384B-4707-BF5E-78950E2654A9}"
EndProject
Project("{FAE04EC0-301F-11D3-BF4B-00C04F79EFBC}") = "DashboardGerenciamentoUsuarios.API", "DashboardGerenciamentoUsuarios\DashboardGerenciamentoUsuarios.API.csproj", "{F7D0FD1C-5B13-482D-8AC3-5921E37E8361}"
EndProject
Project("{2150E333-8FDC-42A3-9474-1A3956D46DE8}") = "Itens de Solução", "Itens de Solução", "{807AA07C-B7B7-4F12-9C91-E4EE2595EC8E}"
	ProjectSection(SolutionItems) = preProject
		.gitignore = .gitignore
	EndProjectSection
EndProject
Global
	GlobalSection(SolutionConfigurationPlatforms) = preSolution
		Debug|Any CPU = Debug|Any CPU
		Release|Any CPU = Release|Any CPU
	EndGlobalSection
	GlobalSection(ProjectConfigurationPlatforms) = postSolution
		{94F1484A-360A-4D21-912F-F64F795986F9}.Debug|Any CPU.ActiveCfg = Debug|Any CPU
		{94F1484A-360A-4D21-912F-F64F795986F9}.Debug|Any CPU.Build.0 = Debug|Any CPU
		{94F1484A-360A-4D21-912F-F64F795986F9}.Release|Any CPU.ActiveCfg = Release|Any CPU
		{94F1484A-360A-4D21-912F-F64F795986F9}.Release|Any CPU.Build.0 = Release|Any CPU
		{C648E920-DB86-4E54-AD70-DD00CBC29DF5}.Debug|Any CPU.ActiveCfg = Debug|Any CPU
		{C648E920-DB86-4E54-AD70-DD00CBC29DF5}.Debug|Any CPU.Build.0 = Debug|Any CPU
		{C648E920-DB86-4E54-AD70-DD00CBC29DF5}.Release|Any CPU.ActiveCfg = Release|Any CPU
		{C648E920-DB86-4E54-AD70-DD00CBC29DF5}.Release|Any CPU.Build.0 = Release|Any CPU
		{5142DAC1-384B-4707-BF5E-78950E2654A9}.Debug|Any CPU.ActiveCfg = Debug|Any CPU
		{5142DAC1-384B-4707-BF5E-78950E2654A9}.Debug|Any CPU.Build.0 = Debug|Any CPU
		{5142DAC1-384B-4707-BF5E-78950E2654A9}.Release|Any CPU.ActiveCfg = Release|Any CPU
		{5142DAC1-384B-4707-BF5E-78950E2654A9}.Release|Any CPU.Build.0 = Release|Any CPU
		{F7D0FD1C-5B13-482D-8AC3-5921E37E8361}.Debug|Any CPU.ActiveCfg = Debug|Any CPU
		{F7D0FD1C-5B13-482D-8AC3-5921E37E8361}.Debug|Any CPU.Build.0 = Debug|Any CPU
		{F7D0FD1C-5B13-482D-8AC3-5921E37E8361}.Release|Any CPU.ActiveCfg = Release|Any CPU
		{F7D0FD1C-5B13-482D-8AC3-5921E37E8361}.Release|Any CPU.Build.0 = Release|Any CPU
	EndGlobalSection
	GlobalSection(SolutionProperties) = preSolution
		HideSolutionNode = FALSE
	EndGlobalSection
	GlobalSection(ExtensibilityGlobals) = postSolution
		SolutionGuid = {8421415B-2DCF-4DD1-9A28-FAE9AFE7065C}
	EndGlobalSection
EndGlobal
